# platform: win-64
# env_hash: e1a974d1b2c878c80af171dcceb9ac43b2e58eed686378a6855a858e2a3b8fc2
@EXPLICIT
https://repo.anaconda.com/pkgs/main/win-64/blas-1.0-mkl.conda#29c8be9152b7cbf29578794154d2408f
https://conda.anaconda.org/conda-forge/win-64/ca-certificates-2020.12.5-h5b45459_0.tar.bz2#f36a2988a9f57cffdc43929ba67a3a2a
https://repo.anaconda.com/pkgs/main/win-64/icc_rt-2019.0.0-h0cc432a_1.conda#405bdc839505f7a9657648ab1bb98c0b
https://conda.anaconda.org/conda-forge/win-64/intel-openmp-2020.3-h57928b3_311.tar.bz2#361a51c98a0cb06415bd3f9d3bbb5778
https://conda.anaconda.org/conda-forge/win-64/msys2-conda-epoch-20160418-1.tar.bz2#b0309b72560df66f71a9d5e34a5efdfa
https://conda.anaconda.org/conda-forge/win-64/pandoc-2.11.4-h8ffe710_0.tar.bz2#8b0446e8cc07c9d41ded3e05fa215bb7
https://conda.anaconda.org/conda-forge/win-64/vs2008_runtime-9.0.30729.6161-0.tar.bz2#9531fa584348748d666b66055c771182
https://conda.anaconda.org/conda-forge/win-64/vs2015_runtime-14.28.29325-h5e1d092_3.tar.bz2#23678152b829fcf69cdf5e7c5510120d
https://conda.anaconda.org/conda-forge/win-64/winpty-0.4.3-4.tar.bz2#1cee351bf20b830d991dbe0bc8cd7dfe
https://conda.anaconda.org/conda-forge/win-64/m2w64-gmp-6.1.0-2.tar.bz2#53a1c73e1e3d185516d7e3af177596d9
https://conda.anaconda.org/conda-forge/win-64/m2w64-libwinpthread-git-5.0.0.4634.697f757-2.tar.bz2#774130a326dee16f1ceb05cc687ee4f0
https://conda.anaconda.org/conda-forge/win-64/mkl-2020.4-hb70f87d_311.tar.bz2#eb823c8b41ecf9cd5f08baea1b32e4ef
https://repo.anaconda.com/pkgs/main/win-64/vc-9-h7299396_1.conda#b2fc6c34eeeb09ca0c63e729bfcdb0dc
https://repo.anaconda.com/pkgs/main/win-64/geos-3.6.2-heec837b_2.conda#b9acb07b6a7fae0cdee98cd4d579c04d
https://conda.anaconda.org/conda-forge/win-64/icu-58.2-vc9_0.tar.bz2#6855c546d452d3a9ea49668620a8b60a
https://conda.anaconda.org/conda-forge/win-64/jpeg-9c-h0c8e037_1001.tar.bz2#6fda01fefb6ea9de2db6332c5faeb763
https://conda.anaconda.org/conda-forge/win-64/libblas-3.9.0-8_mkl.tar.bz2#6de24bc80d8a3dcd5e2f06641a5d1da3
https://conda.anaconda.org/conda-forge/win-64/libsodium-1.0.17-h3cc03e0_0.tar.bz2#97579cdb64b8c587f7b61c204e463bcd
https://conda.anaconda.org/conda-forge/win-64/m2w64-gcc-libs-core-5.3.0-7.tar.bz2#4289d80fb4d272f1f3b56cfe87ac90bd
https://conda.anaconda.org/conda-forge/win-64/openssl-1.0.2u-h0c8e037_0.tar.bz2#82365f0ef79dd081c5174cb20ec6fda5
https://conda.anaconda.org/conda-forge/win-64/proj4-5.2.0-hc56fc5f_1006.tar.bz2#707e9ce4d6006003d8fe84eac6e85df1
https://conda.anaconda.org/conda-forge/win-64/python-2.7.15-h2880e7c_1011_cpython.tar.bz2#229948e543f1e3a27dc44097bbaf5059
https://conda.anaconda.org/conda-forge/win-64/sqlite-3.30.1-h0c8e037_0.tar.bz2#44b18d9e6d39792e48977cd0d18f0e7a
https://conda.anaconda.org/conda-forge/win-64/tk-8.6.10-h0c8e037_0.tar.bz2#14f65bcf1d9cdf32c921ad553b3cebd2
https://conda.anaconda.org/conda-forge/win-64/xz-5.2.4-h3cc03e0_1001.tar.bz2#de2bae909f62710b2c612f4b3c688f99
https://conda.anaconda.org/conda-forge/win-64/zlib-1.2.11-h3cc03e0_1006.tar.bz2#ee979c67fdace75c048d9e93792dd637
https://conda.anaconda.org/conda-forge/win-64/zstd-1.3.3-vc9_1.tar.bz2#7cb3b54d27a0919362448d05c0fc456e
https://conda.anaconda.org/conda-forge/noarch/attrs-20.3.0-pyhd3deb0d_0.tar.bz2#5b319abb055eefcfa344bc21378ca23f
https://conda.anaconda.org/conda-forge/noarch/backports-1.0-py_2.tar.bz2#0da16b293affa6ac31812376f8eb79dd
https://conda.anaconda.org/conda-forge/noarch/backports_abc-0.5-py_1.tar.bz2#6ac8cc52b55791b066dc43469bbaf8f2
https://conda.anaconda.org/conda-forge/noarch/colorama-0.4.4-pyh9f0ad1d_0.tar.bz2#c08b4c1326b880ed44f3ffb04803332f
https://conda.anaconda.org/conda-forge/noarch/contextlib2-0.6.0.post1-py_0.tar.bz2#88cbe489355adaaa4c38ed55bbd620f3
https://conda.anaconda.org/conda-forge/noarch/decorator-4.4.2-py_0.tar.bz2#d2eabb9cabd212e1ec6a9463bd846243
https://conda.anaconda.org/conda-forge/noarch/defusedxml-0.6.0-py_0.tar.bz2#37e1033daee0e2edaa5ff42584c52b21
https://conda.anaconda.org/conda-forge/noarch/funcsigs-1.0.2-py_3.tar.bz2#0b5d88c71f11dd77c318ee944b3947db
https://conda.anaconda.org/conda-forge/noarch/functools32-3.2.3.2-py_3.tar.bz2#de00994d4b9b843598b117e4bd3cb034
https://conda.anaconda.org/conda-forge/noarch/ipaddress-1.0.23-py_0.tar.bz2#94d30c564526ded0f4c427a850299b65
https://conda.anaconda.org/conda-forge/noarch/ipython_genutils-0.2.0-py_1.tar.bz2#5071c982548b3a20caf70462f04f5287
https://conda.anaconda.org/conda-forge/win-64/libcblas-3.9.0-8_mkl.tar.bz2#3bac56af014b2ef22ebd87d4f5ee2774
https://conda.anaconda.org/conda-forge/win-64/liblapack-3.9.0-8_mkl.tar.bz2#f3c618bd796a71eede50ffe29d25ad8c
https://conda.anaconda.org/conda-forge/win-64/libpng-1.6.37-h7a46e7a_0.tar.bz2#b030c2e7e25644f383bb58110b9e1204
https://conda.anaconda.org/conda-forge/win-64/libtiff-4.0.10-h52ad3ab_1002.tar.bz2#e33705b6876d7ee1a5c2f09843e7245e
https://conda.anaconda.org/conda-forge/win-64/m2w64-gcc-libgfortran-5.3.0-6.tar.bz2#066552ac6b907ec6d72c0ddab29050dc
https://conda.anaconda.org/conda-forge/noarch/olefile-0.46-pyh9f0ad1d_1.tar.bz2#0b2e68acc8c78c8cc392b90983481f58
https://conda.anaconda.org/conda-forge/noarch/pandocfilters-1.4.2-py_1.tar.bz2#ba6f4a308f1ea22abe1d72e72544af76
https://conda.anaconda.org/conda-forge/noarch/prometheus_client-0.9.0-pyhd3deb0d_0.tar.bz2#c7af95daf5bae22ead34151e0ab9d041
https://conda.anaconda.org/conda-forge/noarch/pyparsing-2.4.7-pyh9f0ad1d_0.tar.bz2#626c4f20d5bf06dcec9cf2eaa31725c7
https://conda.anaconda.org/conda-forge/noarch/pyshp-2.1.3-pyh44b312d_0.tar.bz2#2d1867b980785eb44b8122184d8b42a6
https://conda.anaconda.org/conda-forge/win-64/python_abi-2.7-1_cp27m.tar.bz2#fddbee5a4d47d5b55bcb3c209b91ca80
https://conda.anaconda.org/conda-forge/noarch/pytz-2020.1-pyh9f0ad1d_0.tar.bz2#e52abc1f0fd70e05001c1ceb2696f625
https://conda.anaconda.org/conda-forge/win-64/pywin32-221-py27_0.tar.bz2#3f71370f22bf4ec3b7f376b7278b33bb
https://conda.anaconda.org/conda-forge/noarch/qtpy-1.9.0-py_0.tar.bz2#ab75b0ea90d2621e1924b824e2f395ee
https://conda.anaconda.org/conda-forge/noarch/send2trash-1.5.0-py_0.tar.bz2#c3779037a635e1150f1c53c28b875949
https://conda.anaconda.org/conda-forge/noarch/simplegeneric-0.8.1-py_1.tar.bz2#a561caf8601e8d85547c77a54ee99333
https://conda.anaconda.org/conda-forge/win-64/sip-4.18.1-py27hc56fc5f_1000.tar.bz2#f8f3dd4146b0f7bda03f0cebab51fd9b
https://conda.anaconda.org/conda-forge/noarch/six-1.15.0-pyh9f0ad1d_0.tar.bz2#1eec421f0f1f39e579e44e4a5ce646a2
https://conda.anaconda.org/conda-forge/noarch/testpath-0.4.4-py_0.tar.bz2#3b98fff4d5342bebde2ecaa314f796f9
https://conda.anaconda.org/conda-forge/noarch/webencodings-0.5.1-py_1.tar.bz2#3563be4c5611a44210d9ba0c16113136
https://conda.anaconda.org/conda-forge/noarch/wheel-0.36.2-pyhd3deb0d_0.tar.bz2#768bfbe026426d0e76b377997d1f2b98
https://conda.anaconda.org/conda-forge/win-64/win_unicode_console-0.5-py27_1000.tar.bz2#d1bc3c24ce850a624dadd3ff72c97238
https://conda.anaconda.org/conda-forge/win-64/wincertstore-0.2-py27_1003.tar.bz2#0fc11795e5b7e0e1de8407d74c6b95f4
https://conda.anaconda.org/conda-forge/win-64/zeromq-4.3.2-h6538335_2.tar.bz2#2e29011e1b688108cecc854d2ed4f38a
https://conda.anaconda.org/conda-forge/noarch/backports.shutil_get_terminal_size-1.0.0-py_3.tar.bz2#ed3c4ce59b457c5fd7ca79b94c57eff4
https://conda.anaconda.org/conda-forge/noarch/backports.shutil_which-3.5.2-py_0.tar.bz2#38f990b3fca5e178c397c4653c12c0fc
https://conda.anaconda.org/conda-forge/win-64/certifi-2019.11.28-py27h8c360ce_1.tar.bz2#b55a0d68f158b9f7537d483760271bec
https://conda.anaconda.org/conda-forge/win-64/configparser-3.7.3-py27h8c360ce_2.tar.bz2#60c74b3c07ee34bae50b03d5a4360a30
https://conda.anaconda.org/conda-forge/noarch/cycler-0.10.0-py_2.tar.bz2#f6d7c7e6d8f42cbbec7e07a8d879f91c
https://conda.anaconda.org/conda-forge/win-64/enum34-1.1.10-py27h8c360ce_1.tar.bz2#0d273f632d5b3b0b30601dd38e0c321e
https://conda.anaconda.org/conda-forge/win-64/freetype-2.10.1-h4d385ea_0.tar.bz2#f01f2f72bb856082815330e28bff8abf
https://conda.anaconda.org/conda-forge/win-64/future-0.18.2-py27h8c360ce_1.tar.bz2#51b5537f2c0656707af82b12806ba5fb
https://conda.anaconda.org/conda-forge/win-64/futures-3.3.0-py27h8c360ce_1.tar.bz2#bc6025d6a22a8878b9c7b35cd1fe60ea
https://conda.anaconda.org/conda-forge/win-64/kiwisolver-1.1.0-py27h6c69bd3_1.tar.bz2#871456e970c994ca186adf6a9a1e77cb
https://conda.anaconda.org/conda-forge/win-64/m2w64-gcc-libs-5.3.0-7.tar.bz2#fe759119b8b3bfa720b8762c6fdc35de
https://conda.anaconda.org/conda-forge/win-64/markupsafe-1.1.1-py27h462b5f4_1.tar.bz2#6328e04c3f742cb9d655182fda7f759c
https://conda.anaconda.org/conda-forge/win-64/mistune-0.8.4-py27h462b5f4_1001.tar.bz2#864acd58072a9b78a01c0e5a3319fcdf
https://conda.anaconda.org/conda-forge/noarch/more-itertools-5.0.0-py_0.tar.bz2#368d2cb3377851a482b2f2b080aad3ee
https://conda.anaconda.org/conda-forge/win-64/numpy-1.11.3-py27hab51878_1207.tar.bz2#1aef4c3016b79a40d0e4895d946d5cea
https://conda.anaconda.org/conda-forge/noarch/packaging-20.9-pyh44b312d_0.tar.bz2#be69a38e912054a62dc82cc3c7711a64
https://conda.anaconda.org/conda-forge/win-64/pyrsistent-0.15.7-py27h462b5f4_1.tar.bz2#3a35dae588468314cc760112f2d6f947
https://conda.anaconda.org/conda-forge/noarch/python-dateutil-2.8.1-py_0.tar.bz2#0d0150ed9c2d25817f5324108d3f7571
https://conda.anaconda.org/conda-forge/win-64/pyzmq-19.0.0-py27h331c9a6_1.tar.bz2#525d83d54639381ea9e29c8fc3bc10a9
https://repo.anaconda.com/pkgs/main/win-64/qt-5.6.2-vc9hc26998b_12.conda#2b10095cf24912e310cd29e23c4c71d6
https://conda.anaconda.org/conda-forge/win-64/scandir-1.10.0-py27h462b5f4_1.tar.bz2#0f246ef5d0d65a1a5d0bb2d52789aae9
https://conda.anaconda.org/conda-forge/noarch/singledispatch-3.4.0.3-pyh9f0ad1d_1001.tar.bz2#b08090e84a00e933f7492527a7d67c13
https://conda.anaconda.org/conda-forge/win-64/entrypoints-0.3-py27h8c360ce_1001.tar.bz2#d83acfcaccb6a164e24bb97cc71ae1c9
https://repo.anaconda.com/pkgs/main/win-64/llvmlite-0.31.0-py27hc56fc5f_0.conda#2543f22bca53144f917718493517f1b1
https://conda.anaconda.org/conda-forge/win-64/pandas-0.23.4-py27h39f3610_1000.tar.bz2#62e23255c43b88c7eeb856161ae6eff9
https://conda.anaconda.org/conda-forge/win-64/pathlib2-2.3.5-py27h8c360ce_1.tar.bz2#a5f03480f418a6d6e76292ac849ff5c4
https://conda.anaconda.org/conda-forge/win-64/pillow-6.2.1-py27h1bb17ff_0.tar.bz2#b12bbbdae960d9c03128123d0a71ec4c
https://conda.anaconda.org/conda-forge/win-64/pyproj-1.9.6-py27h0c8e037_1002.tar.bz2#dca546da873e6d325f069ff70a69c982
https://conda.anaconda.org/conda-forge/win-64/pyqt-5.6.0-py27h4cbc711_1008.tar.bz2#44cb98fc7c283dbf307497b3ad8065e8
https://conda.anaconda.org/conda-forge/win-64/pywinpty-0.5.7-py27_0.tar.bz2#728ecc5e973d33b2a76f667798f813c3
https://repo.anaconda.com/pkgs/main/win-64/scipy-1.2.1-py27h4c3ab11_0.conda#434fb0962c545b53543bd85139446676
https://conda.anaconda.org/conda-forge/win-64/setuptools-44.0.0-py27_0.tar.bz2#8b59a956b8ba27d642412777ae0dd912
https://conda.anaconda.org/conda-forge/win-64/tornado-5.1.1-py27h0c8e037_1000.tar.bz2#c7ff2443040bf1653d02e256441a2d9f
https://conda.anaconda.org/conda-forge/win-64/traitlets-4.3.3-py27h8c360ce_1.tar.bz2#ee550925f3bfe30c75828468de99e804
https://conda.anaconda.org/conda-forge/noarch/zipp-1.0.0-py_0.tar.bz2#a3f50802a987a528c837113c7b705253
https://conda.anaconda.org/conda-forge/noarch/backports.functools_lru_cache-1.6.1-py_0.tar.bz2#d36df15eaef96549ce6231e3088fba54
https://conda.anaconda.org/conda-forge/noarch/bleach-3.3.0-pyh44b312d_0.tar.bz2#abf6b76c39358ca36ca706c46f054f2a
https://conda.anaconda.org/conda-forge/win-64/importlib-metadata-1.5.0-py27_0.tar.bz2#71ed387a7b3abd044bfa0475c16b96a4
https://conda.anaconda.org/conda-forge/noarch/jinja2-2.11.3-pyh44b312d_0.tar.bz2#1d4c3605d85a3655b1595e0694138eb6
https://conda.anaconda.org/conda-forge/win-64/jupyter_core-4.6.3-py27h8c360ce_1.tar.bz2#51b67d869d510c883ffe080c873acbdc
https://repo.anaconda.com/pkgs/main/win-64/numba-0.47.0-py27h39f3610_0.conda#e89fc009375fde102ea561004c913e2e
https://conda.anaconda.org/conda-forge/noarch/patsy-0.5.1-py_0.tar.bz2#d971df2dcd1a453daabecec0ef76e88a
https://conda.anaconda.org/conda-forge/win-64/pickleshare-0.7.5-py27h8c360ce_1001.tar.bz2#a7b0d5e27e0e619341afa45ba6e25371
https://conda.anaconda.org/conda-forge/noarch/pip-20.1.1-pyh9f0ad1d_0.tar.bz2#cd67a20c73ff2514cf5f34cae28fc867
https://conda.anaconda.org/conda-forge/noarch/pygments-2.5.2-py_0.tar.bz2#c48719b941c60b26add57de2b014ef96
https://conda.anaconda.org/conda-forge/win-64/terminado-0.8.3-py27h8c360ce_1.tar.bz2#6386db7c7f8ab31ce0cb47b70f67a6fc
https://conda.anaconda.org/conda-forge/noarch/importlib_metadata-1.5.0-1.tar.bz2#71fad3d59c6551ef0e16afd6df00bd97
https://conda.anaconda.org/conda-forge/win-64/jupyter_client-5.3.4-py27_1.tar.bz2#d3d8f340622d3d3897df8fd406c53470
https://conda.anaconda.org/conda-forge/win-64/matplotlib-base-2.2.3-py27hf194043_1.tar.bz2#950813c854471a4d8d7f94914f0b8929
https://conda.anaconda.org/conda-forge/win-64/statsmodels-0.9.0-py27_0.tar.bz2#2c7a5eac74f3b60f0194ad16fc94eda9
https://conda.anaconda.org/conda-forge/noarch/wcwidth-0.2.5-pyh9f0ad1d_2.tar.bz2#5266fcd697043c59621fda522b3d78ee
https://conda.anaconda.org/conda-forge/win-64/jsonschema-3.2.0-py27h8c360ce_1.tar.bz2#193ba4837f5d67889d5137c725f77ff8
https://conda.anaconda.org/conda-forge/win-64/matplotlib-2.2.3-py27h8a2030e_1.tar.bz2#e8965b9a0f64b554ccf7ad312703f654
https://conda.anaconda.org/conda-forge/noarch/prompt_toolkit-1.0.15-py_1.tar.bz2#f5bea0930b268df84653cb32c8d1542f
https://conda.anaconda.org/conda-forge/noarch/seaborn-0.9.0-py_2.tar.bz2#5bf18b2b6463c44d94653fb70cd59c5d
https://repo.anaconda.com/pkgs/main/win-64/basemap-1.2.0-py27hbee0394_0.conda#25c1128ae76280b789d8a2a61ece898a
https://conda.anaconda.org/conda-forge/win-64/ipython-5.8.0-py27_1.tar.bz2#6aa40630be9ddae85b09fdb3f51ff8d6
https://conda.anaconda.org/conda-forge/noarch/nbformat-4.4.0-py_1.tar.bz2#2571f1e8b5797bd6fdc46c525b4ee584
https://conda.anaconda.org/conda-forge/win-64/ipykernel-4.10.0-py27_1.tar.bz2#6f319eb28e974efe7262a7650fe50129
https://conda.anaconda.org/conda-forge/win-64/nbconvert-5.6.1-py27_0.tar.bz2#e7d80b99b94168e4304e2d93db39f36d
https://conda.anaconda.org/conda-forge/win-64/jupyter_console-5.2.0-py27_1.tar.bz2#4642057f8e185581db52722513bc7a27
https://conda.anaconda.org/conda-forge/win-64/notebook-5.7.8-py27_1.tar.bz2#109c132b039205825b468a14749a8319
https://conda.anaconda.org/conda-forge/noarch/qtconsole-4.7.7-pyh9f0ad1d_0.tar.bz2#8e117006c5c34029352c6b525c453361
https://conda.anaconda.org/conda-forge/noarch/widgetsnbextension-3.5.1-pyh9f0ad1d_3.tar.bz2#54a817def76d202564aefb53a4767328
https://conda.anaconda.org/conda-forge/noarch/ipywidgets-7.5.1-pyh9f0ad1d_1.tar.bz2#a7211644e1cf6a262c675635a78181f4
https://conda.anaconda.org/conda-forge/noarch/jupyter-1.0.0-py_2.tar.bz2#46b26993ed7c689863313a03ee39e5e3
https://conda.anaconda.org/conda-forge/win-64/fatiando-0.5-np111py27_1.tar.bz2#3ed7c71ffddc69fbc691cf64d10e087a
