# platform: osx-64
# env_hash: 09df4d799615c228b2bae30f9ee274f7244f5cfde57dd3539c96c270bdf36318
@EXPLICIT
https://conda.anaconda.org/conda-forge/osx-64/bzip2-1.0.8-hc929b4f_4.tar.bz2#521b82c700a64bac7d8da27539422e91
https://conda.anaconda.org/conda-forge/osx-64/c-ares-1.17.1-hc929b4f_0.tar.bz2#24fc0b91a6eacc6753fef90514d67ce9
https://conda.anaconda.org/conda-forge/osx-64/ca-certificates-2020.12.5-h033912b_0.tar.bz2#4483d8ea13bd57b52e3539e741501a7d
https://conda.anaconda.org/conda-forge/osx-64/jpeg-9d-hbcb3906_0.tar.bz2#ff6fba028f282f94ceb10597d58a56e8
https://conda.anaconda.org/conda-forge/osx-64/libcxx-11.0.1-habf9029_0.tar.bz2#51c221f12b7975d60dae27cd8280efac
https://conda.anaconda.org/conda-forge/osx-64/libev-4.33-haf1e3a3_1.tar.bz2#79dc2be110b2a3d1e97ec21f691c50ad
https://conda.anaconda.org/conda-forge/osx-64/libiconv-1.16-haf1e3a3_0.tar.bz2#c5fab167412a52e491c8e11453ae016f
https://conda.anaconda.org/conda-forge/osx-64/libsodium-1.0.17-h01d97ff_0.tar.bz2#3dd1aeaa242c631c14e4b3b144669fa7
https://conda.anaconda.org/conda-forge/osx-64/llvm-openmp-11.0.1-h7c73e74_0.tar.bz2#86683a2ccd280574c0af1efb95b20aec
https://conda.anaconda.org/conda-forge/osx-64/ncurses-6.2-h2e338ed_4.tar.bz2#9cef1910395d1543527583e73dba30f1
https://conda.anaconda.org/conda-forge/osx-64/pandoc-2.11.4-h35c211d_0.tar.bz2#7d3282f19abe9745707987104954bbcb
https://conda.anaconda.org/conda-forge/osx-64/xz-5.2.5-haf1e3a3_1.tar.bz2#41116deb499e9bc58048c297d6403ce6
https://conda.anaconda.org/conda-forge/osx-64/zlib-1.2.11-h7795811_1010.tar.bz2#7d39e47e16ed0107f37c7224d5b5be8b
https://conda.anaconda.org/conda-forge/osx-64/expat-2.2.10-h1c7c35f_0.tar.bz2#5963a2ace3da084372d292a9bc44a220
https://conda.anaconda.org/conda-forge/osx-64/geos-3.8.0-h4a8c4bd_1.tar.bz2#9b416a21f35d542269d8930fd8761e08
https://conda.anaconda.org/conda-forge/osx-64/hdf4-4.2.13-h71d84a9_1004.tar.bz2#798adc59c4f9633b4146fd0bde19437b
https://conda.anaconda.org/conda-forge/osx-64/icu-64.2-h6de7cb9_1.tar.bz2#98593e7221241d8e19fee197ac105b4d
https://conda.anaconda.org/conda-forge/osx-64/jsoncpp-1.8.4-ha1b3eb9_1002.tar.bz2#d51074b98c3ef49d9cd06d7f49006e34
https://conda.anaconda.org/conda-forge/osx-64/libedit-3.1.20191231-h0678c8f_2.tar.bz2#6016a8a1d0e63cac3de2c352cd40208b
https://conda.anaconda.org/conda-forge/osx-64/libffi-3.2.1-hb1e8313_1007.tar.bz2#be8b6ba3b6710a89ab891bbed151659c
https://conda.anaconda.org/conda-forge/osx-64/libgfortran4-7.5.0-h1a10cd1_18.tar.bz2#aa4da38b9c94bab1a6ec44fe1580d34c
https://conda.anaconda.org/conda-forge/osx-64/libllvm8-8.0.1-h770b8ee_0.tar.bz2#c75e5c63f194188ffac620c0493c2840
https://conda.anaconda.org/conda-forge/osx-64/libpng-1.6.37-h7cec526_2.tar.bz2#9e52521faba2b53269672628d34e1513
https://conda.anaconda.org/conda-forge/osx-64/lz4-c-1.8.3-h6de7cb9_1001.tar.bz2#bacc4bc848109b87398b5ae18e6c4e00
https://conda.anaconda.org/conda-forge/osx-64/openssl-1.1.1j-hbcf498f_0.tar.bz2#09a02162d159d2f7ebe8749ae6960667
https://conda.anaconda.org/conda-forge/osx-64/pcre-8.44-hb1e8313_0.tar.bz2#e1c1a939ae5ecd32f13db1f742b434e5
https://conda.anaconda.org/conda-forge/osx-64/proj4-5.2.0-h6de7cb9_1006.tar.bz2#da2b0cc21291f8ed0ebc0da723d25063
https://conda.anaconda.org/conda-forge/osx-64/readline-8.0-h0678c8f_2.tar.bz2#8f69d684fce8e73328995d7efb77816a
https://conda.anaconda.org/conda-forge/osx-64/tbb-2020.2-h926bf3e_3.tar.bz2#1b647f95ea91a9e3bb42edb527e55263
https://conda.anaconda.org/conda-forge/osx-64/tk-8.6.10-h0419947_1.tar.bz2#9a79a432473acddd936ff8bab8b86145
https://conda.anaconda.org/conda-forge/osx-64/zeromq-4.3.2-h6de7cb9_2.tar.bz2#d6e048ee87bbc8f03fd19e1c69319334
https://conda.anaconda.org/conda-forge/osx-64/freetype-2.10.4-h4cff582_1.tar.bz2#5a136a432c6062362cd7990c514bd8d6
https://conda.anaconda.org/conda-forge/osx-64/gettext-0.19.8.1-haf92f58_1004.tar.bz2#64ab47292d0590664bfd3419d9ddb72b
https://conda.anaconda.org/conda-forge/osx-64/krb5-1.17.2-h60d9502_0.tar.bz2#abf2add2a1ade1920b25a8f3327a1aa0
https://conda.anaconda.org/conda-forge/osx-64/libgfortran-4.0.0-7_5_0_h1a10cd1_18.tar.bz2#45c34fc2d41e8d07fc8d2bd15f911ce9
https://conda.anaconda.org/conda-forge/osx-64/libnghttp2-1.43.0-h07e645a_0.tar.bz2#b4a9c405d47f3b120ed6cf86cc8a13aa
https://conda.anaconda.org/conda-forge/osx-64/libssh2-1.9.0-h8a08a2b_5.tar.bz2#2e0e86262d3c9a11230ab55fc0468e49
https://conda.anaconda.org/conda-forge/osx-64/libxml2-2.9.10-h53d96d6_0.tar.bz2#18dab8184a9255bf6fcd55c69f94f3b1
https://conda.anaconda.org/conda-forge/osx-64/sqlite-3.34.0-h17101e1_0.tar.bz2#9e9694f119bb1a2362a0cc0249651835
https://conda.anaconda.org/conda-forge/osx-64/zstd-1.4.4-hed8d7c8_2.tar.bz2#ad39133ba192dfe936b4dc03c2849d9d
https://conda.anaconda.org/conda-forge/osx-64/libcurl-7.71.1-h9bf37e3_8.tar.bz2#1a136204085b4c620fe2ed74fb1112bf
https://conda.anaconda.org/conda-forge/osx-64/libopenblas-0.3.12-openmp_h63d9170_1.tar.bz2#eef885eb44a8d6e11edfa18cb5d024dc
https://conda.anaconda.org/conda-forge/osx-64/libtiff-4.1.0-ha78913b_3.tar.bz2#224de8f4c2e6e60fe0aafb3ed905e083
https://conda.anaconda.org/conda-forge/osx-64/python-2.7.15-h8e446fc_1011_cpython.tar.bz2#a5cf8ee833c6eb0900c88553c101334a
https://conda.anaconda.org/conda-forge/osx-64/qt-5.9.7-h8cf7e54_3.tar.bz2#edb46c932033b7a58fdc9bd0e770daa6
https://conda.anaconda.org/conda-forge/noarch/attrs-20.3.0-pyhd3deb0d_0.tar.bz2#5b319abb055eefcfa344bc21378ca23f
https://conda.anaconda.org/conda-forge/noarch/backports-1.0-py_2.tar.bz2#0da16b293affa6ac31812376f8eb79dd
https://conda.anaconda.org/conda-forge/noarch/backports_abc-0.5-py_1.tar.bz2#6ac8cc52b55791b066dc43469bbaf8f2
https://conda.anaconda.org/conda-forge/noarch/contextlib2-0.6.0.post1-py_0.tar.bz2#88cbe489355adaaa4c38ed55bbd620f3
https://conda.anaconda.org/conda-forge/osx-64/curl-7.71.1-hcb81553_8.tar.bz2#82d166def6b920c17688f9ec0d766908
https://conda.anaconda.org/conda-forge/noarch/decorator-4.4.2-py_0.tar.bz2#d2eabb9cabd212e1ec6a9463bd846243
https://conda.anaconda.org/conda-forge/noarch/defusedxml-0.6.0-py_0.tar.bz2#37e1033daee0e2edaa5ff42584c52b21
https://conda.anaconda.org/conda-forge/noarch/funcsigs-1.0.2-py_3.tar.bz2#0b5d88c71f11dd77c318ee944b3947db
https://conda.anaconda.org/conda-forge/noarch/functools32-3.2.3.2-py_3.tar.bz2#de00994d4b9b843598b117e4bd3cb034
https://conda.anaconda.org/conda-forge/osx-64/glib-2.66.1-h39b9ebd_0.tar.bz2#ca29f2f11f3c9b5180206d18f69213c3
https://conda.anaconda.org/conda-forge/osx-64/hdf5-1.10.5-nompi_h34ad4e8_1111.tar.bz2#c21ea5ad98a7f5d6b37c9a910f9a8b40
https://conda.anaconda.org/conda-forge/noarch/ipaddress-1.0.23-py_0.tar.bz2#94d30c564526ded0f4c427a850299b65
https://conda.anaconda.org/conda-forge/noarch/ipython_genutils-0.2.0-py_1.tar.bz2#5071c982548b3a20caf70462f04f5287
https://conda.anaconda.org/conda-forge/osx-64/libblas-3.9.0-8_openblas.tar.bz2#054ee8e709d3d9c2678a3c8bda034896
https://conda.anaconda.org/conda-forge/noarch/olefile-0.46-pyh9f0ad1d_1.tar.bz2#0b2e68acc8c78c8cc392b90983481f58
https://conda.anaconda.org/conda-forge/noarch/pandocfilters-1.4.2-py_1.tar.bz2#ba6f4a308f1ea22abe1d72e72544af76
https://conda.anaconda.org/conda-forge/noarch/prometheus_client-0.9.0-pyhd3deb0d_0.tar.bz2#c7af95daf5bae22ead34151e0ab9d041
https://conda.anaconda.org/conda-forge/noarch/ptyprocess-0.7.0-pyhd3deb0d_0.tar.bz2#359eeb6536da0e687af562ed265ec263
https://conda.anaconda.org/conda-forge/noarch/pyparsing-2.4.7-pyh9f0ad1d_0.tar.bz2#626c4f20d5bf06dcec9cf2eaa31725c7
https://conda.anaconda.org/conda-forge/noarch/pyshp-2.1.3-pyh44b312d_0.tar.bz2#2d1867b980785eb44b8122184d8b42a6
https://conda.anaconda.org/conda-forge/osx-64/python_abi-2.7-1_cp27m.tar.bz2#505f411b16c4105038516d35911f3826
https://conda.anaconda.org/conda-forge/noarch/pytz-2020.1-pyh9f0ad1d_0.tar.bz2#e52abc1f0fd70e05001c1ceb2696f625
https://conda.anaconda.org/conda-forge/noarch/qtpy-1.9.0-py_0.tar.bz2#ab75b0ea90d2621e1924b824e2f395ee
https://conda.anaconda.org/conda-forge/noarch/send2trash-1.5.0-py_0.tar.bz2#c3779037a635e1150f1c53c28b875949
https://conda.anaconda.org/conda-forge/noarch/simplegeneric-0.8.1-py_1.tar.bz2#a561caf8601e8d85547c77a54ee99333
https://conda.anaconda.org/conda-forge/osx-64/sip-4.19.8-py27h0a44026_1000.tar.bz2#79efe80b515d38fed219b927e2ba7762
https://conda.anaconda.org/conda-forge/noarch/six-1.15.0-pyh9f0ad1d_0.tar.bz2#1eec421f0f1f39e579e44e4a5ce646a2
https://conda.anaconda.org/conda-forge/osx-64/subprocess32-3.5.4-py27h0b31af3_0.tar.bz2#212867407848f466339301d55e33f491
https://conda.anaconda.org/conda-forge/noarch/testpath-0.4.4-py_0.tar.bz2#3b98fff4d5342bebde2ecaa314f796f9
https://conda.anaconda.org/conda-forge/osx-64/traits-5.2.0-py27h0b31af3_0.tar.bz2#5229acc89f6213dd0e12a215b522a930
https://conda.anaconda.org/conda-forge/noarch/webencodings-0.5.1-py_1.tar.bz2#3563be4c5611a44210d9ba0c16113136
https://conda.anaconda.org/conda-forge/noarch/wheel-0.36.2-pyhd3deb0d_0.tar.bz2#768bfbe026426d0e76b377997d1f2b98
https://conda.anaconda.org/conda-forge/osx-64/appnope-0.1.0-py27h8c360ce_1001.tar.bz2#d4d82682ac44870d5e3ac5d9a17d5821
https://conda.anaconda.org/conda-forge/noarch/backports.shutil_get_terminal_size-1.0.0-py_3.tar.bz2#ed3c4ce59b457c5fd7ca79b94c57eff4
https://conda.anaconda.org/conda-forge/osx-64/certifi-2019.11.28-py27h8c360ce_1.tar.bz2#e723836c19715928a682c0d57da3866b
https://conda.anaconda.org/conda-forge/noarch/configobj-5.0.6-py_0.tar.bz2#e46ba874295e2eda5593650895777913
https://conda.anaconda.org/conda-forge/osx-64/configparser-3.7.3-py27h8c360ce_2.tar.bz2#7f2254fe104e887370ead71ddaa6bfe8
https://conda.anaconda.org/conda-forge/noarch/cycler-0.10.0-py_2.tar.bz2#f6d7c7e6d8f42cbbec7e07a8d879f91c
https://conda.anaconda.org/conda-forge/osx-64/dbus-1.13.6-h2f22bb5_0.tar.bz2#661014c977c645fa125fa53ae30395dd
https://conda.anaconda.org/conda-forge/osx-64/enum34-1.1.10-py27h8c360ce_1.tar.bz2#b8481bc07ce92356a5fd1625665085fa
https://conda.anaconda.org/conda-forge/osx-64/future-0.18.2-py27h8c360ce_1.tar.bz2#1d5629ddf1b20571d1069c040d97ea36
https://conda.anaconda.org/conda-forge/osx-64/futures-3.3.0-py27h8c360ce_1.tar.bz2#0c68425492e928314ca0003927b2cd35
https://conda.anaconda.org/conda-forge/osx-64/kiwisolver-1.1.0-py27h5cd23e5_1.tar.bz2#952a62fb38a515ba97d2c29bf9f89388
https://conda.anaconda.org/conda-forge/osx-64/libcblas-3.9.0-8_openblas.tar.bz2#67acafbc05ce608462a59740ef546b52
https://conda.anaconda.org/conda-forge/osx-64/liblapack-3.9.0-8_openblas.tar.bz2#f20c01455d69b8a613bb92cd4544b553
https://conda.anaconda.org/conda-forge/osx-64/libnetcdf-4.7.3-nompi_hda4e5f1_101.tar.bz2#3542026864a4493bdb53f08a6d4880a6
https://conda.anaconda.org/conda-forge/osx-64/markupsafe-1.1.1-py27h89ed719_1.tar.bz2#3f57f3cc48578f92d7b1d2084ac85394
https://conda.anaconda.org/conda-forge/osx-64/mistune-0.8.4-py27h89ed719_1001.tar.bz2#d9d5e567dfafbf86201a3a664c69f2e9
https://conda.anaconda.org/conda-forge/noarch/more-itertools-5.0.0-py_0.tar.bz2#368d2cb3377851a482b2f2b080aad3ee
https://conda.anaconda.org/conda-forge/noarch/packaging-20.9-pyh44b312d_0.tar.bz2#be69a38e912054a62dc82cc3c7711a64
https://conda.anaconda.org/conda-forge/noarch/pexpect-4.8.0-pyh9f0ad1d_2.tar.bz2#5909e7b978141dd80d28dbf9de627827
https://conda.anaconda.org/conda-forge/osx-64/pillow-6.2.1-py27h43b43f3_1.tar.bz2#6a2ad1fd5f7b74c3fe198c4a42abe32f
https://conda.anaconda.org/conda-forge/osx-64/pyrsistent-0.15.7-py27h89ed719_1.tar.bz2#75623f4dcf528cbeb9b8efb332bcd6eb
https://conda.anaconda.org/conda-forge/noarch/python-dateutil-2.8.1-py_0.tar.bz2#0d0150ed9c2d25817f5324108d3f7571
https://conda.anaconda.org/conda-forge/osx-64/pyzmq-19.0.0-py27h74110c0_1.tar.bz2#39819db2ab9375298fa7c8dfd0fd48a2
https://conda.anaconda.org/conda-forge/osx-64/scandir-1.10.0-py27h89ed719_1.tar.bz2#6ad3d57bfe28e68a78793c7f1ac7ac27
https://conda.anaconda.org/conda-forge/noarch/singledispatch-3.4.0.3-pyh9f0ad1d_1001.tar.bz2#b08090e84a00e933f7492527a7d67c13
https://conda.anaconda.org/conda-forge/osx-64/entrypoints-0.3-py27h8c360ce_1001.tar.bz2#2c6c48f75f8237f530128b0e4c456cfa
https://conda.anaconda.org/conda-forge/osx-64/llvmlite-0.31.0-py27h3bd31fb_1.tar.bz2#e4e16093f1dcb8d39823f0149fe9f348
https://conda.anaconda.org/conda-forge/osx-64/numpy-1.16.5-py27hde6bac1_0.tar.bz2#c6917299fdb62377edf88157281e0036
https://conda.anaconda.org/conda-forge/osx-64/pathlib2-2.3.5-py27h8c360ce_1.tar.bz2#0fa61c52ed8c2d2add38836ec08e354c
https://conda.anaconda.org/conda-forge/osx-64/pyqt-5.9.2-py27h2a560b1_4.tar.bz2#b317768fecf5df110447e3437e217634
https://conda.anaconda.org/conda-forge/osx-64/setuptools-44.0.0-py27_0.tar.bz2#54c5c7f9979f906584da8b257c501594
https://conda.anaconda.org/conda-forge/osx-64/tornado-5.1.1-py27h1de35cc_1000.tar.bz2#c61a0a574cb67dfe77572c52f57f7067
https://conda.anaconda.org/conda-forge/osx-64/traitlets-4.3.3-py27h8c360ce_1.tar.bz2#0ed2d093ffe2d31589dd7833d088c8e2
https://conda.anaconda.org/conda-forge/osx-64/vtk-8.2.0-py27h09ce16a_210.tar.bz2#8c9e869675de544b6671b8614002716a
https://conda.anaconda.org/conda-forge/noarch/zipp-1.0.0-py_0.tar.bz2#a3f50802a987a528c837113c7b705253
https://conda.anaconda.org/conda-forge/noarch/backports.functools_lru_cache-1.6.1-py_0.tar.bz2#d36df15eaef96549ce6231e3088fba54
https://conda.anaconda.org/conda-forge/noarch/bleach-3.3.0-pyh44b312d_0.tar.bz2#abf6b76c39358ca36ca706c46f054f2a
https://conda.anaconda.org/conda-forge/osx-64/importlib-metadata-1.5.0-py27h8c360ce_1.tar.bz2#bf0160b4949e19b372ff7d9817ce5ca9
https://conda.anaconda.org/conda-forge/noarch/jinja2-2.11.3-pyh44b312d_0.tar.bz2#1d4c3605d85a3655b1595e0694138eb6
https://conda.anaconda.org/conda-forge/osx-64/jupyter_core-4.6.3-py27h8c360ce_1.tar.bz2#00b4db73403eafbd3c383c02adaf9f2d
https://conda.anaconda.org/conda-forge/osx-64/numba-0.47.0-py27h4f17bb1_0.tar.bz2#b7e2239adb3916aecbe303f9df7c72a6
https://conda.anaconda.org/conda-forge/osx-64/pandas-0.24.2-py27h86efe34_0.tar.bz2#f507fcecc73d811bab9ba38e400ce841
https://conda.anaconda.org/conda-forge/osx-64/pickleshare-0.7.5-py27h8c360ce_1001.tar.bz2#7b3b4174ca4deaf2e77d8bdcc8801611
https://conda.anaconda.org/conda-forge/noarch/pip-20.1.1-pyh9f0ad1d_0.tar.bz2#cd67a20c73ff2514cf5f34cae28fc867
https://conda.anaconda.org/conda-forge/noarch/pygments-2.5.2-py_0.tar.bz2#c48719b941c60b26add57de2b014ef96
https://conda.anaconda.org/conda-forge/osx-64/pyproj-1.9.6-py27h0b31af3_1002.tar.bz2#a94641774c59612d486faaa1f569273c
https://conda.anaconda.org/conda-forge/osx-64/scipy-1.2.1-py27h7e0e109_2.tar.bz2#df30ade5e6d8fbdf16bea2244b643fe9
https://conda.anaconda.org/conda-forge/osx-64/terminado-0.8.3-py27h8c360ce_1.tar.bz2#43c8d53afe31e93898f33426f143bab5
https://conda.anaconda.org/conda-forge/noarch/importlib_metadata-1.5.0-1.tar.bz2#71fad3d59c6551ef0e16afd6df00bd97
https://conda.anaconda.org/conda-forge/osx-64/jupyter_client-5.3.4-py27_1.tar.bz2#cee9108d4ed42e554dbaf0a88b6adaeb
https://conda.anaconda.org/conda-forge/osx-64/matplotlib-base-2.2.5-py27h11da6c2_1.tar.bz2#e48c56320e119bee437fd8773bc6b569
https://conda.anaconda.org/conda-forge/noarch/patsy-0.5.1-py_0.tar.bz2#d971df2dcd1a453daabecec0ef76e88a
https://conda.anaconda.org/conda-forge/noarch/pyface-7.1.0-pyh9f0ad1d_0.tar.bz2#15b04912a3144fd5a03a940a037fa3c3
https://conda.anaconda.org/conda-forge/noarch/wcwidth-0.2.5-pyh9f0ad1d_2.tar.bz2#5266fcd697043c59621fda522b3d78ee
https://conda.anaconda.org/conda-forge/osx-64/basemap-1.2.1-py27hd2746df_2.tar.bz2#b65eede4852765880042d360b988cff7
https://conda.anaconda.org/conda-forge/osx-64/jsonschema-3.2.0-py27h8c360ce_1.tar.bz2#6fd59a68192371f1229620f09755aa38
https://conda.anaconda.org/conda-forge/osx-64/matplotlib-2.2.5-h694c41f_3.tar.bz2#0c61a7b6f94b9c9d1f0e80046efb38e7
https://conda.anaconda.org/conda-forge/noarch/prompt_toolkit-1.0.15-py_1.tar.bz2#f5bea0930b268df84653cb32c8d1542f
https://conda.anaconda.org/conda-forge/osx-64/statsmodels-0.10.2-py27h3b54f70_0.tar.bz2#a922195bd4fb8e834ade9f9daa187c9d
https://conda.anaconda.org/conda-forge/noarch/traitsui-7.1.0-pyh9f0ad1d_0.tar.bz2#06e540ca48ae61c3a9596cbdaef295e2
https://conda.anaconda.org/conda-forge/noarch/apptools-5.1.0-pyh44b312d_0.tar.bz2#67f86126bb65837378ddd31caff9f420
https://conda.anaconda.org/conda-forge/osx-64/ipython-5.8.0-py27_1.tar.bz2#85c18b32d21df8b2764677ccc05a860e
https://conda.anaconda.org/conda-forge/noarch/nbformat-4.4.0-py_1.tar.bz2#2571f1e8b5797bd6fdc46c525b4ee584
https://conda.anaconda.org/conda-forge/noarch/seaborn-0.9.0-py_2.tar.bz2#5bf18b2b6463c44d94653fb70cd59c5d
https://conda.anaconda.org/conda-forge/noarch/envisage-4.9.2-pyh9f0ad1d_1.tar.bz2#98cae4e1d4abb104578a855f68ad8b3b
https://conda.anaconda.org/conda-forge/osx-64/ipykernel-4.10.0-py27_0.tar.bz2#2978d19c24b6035706d4e5a4676ff18d
https://conda.anaconda.org/conda-forge/osx-64/nbconvert-5.6.1-py27_0.tar.bz2#c49d6ab09a402a767406d1dbe2d7d170
https://conda.anaconda.org/conda-forge/osx-64/jupyter_console-5.2.0-py27_1.tar.bz2#4941c0718fa308939cd7385d9baa2456
https://conda.anaconda.org/conda-forge/osx-64/mayavi-4.7.1-py27ha91d4f2_2.tar.bz2#5a36c6dcbfb87418c8f574134182b444
https://conda.anaconda.org/conda-forge/osx-64/notebook-5.7.8-py27_1.tar.bz2#3db2baf6dc8935f03eb247b9ac2257c5
https://conda.anaconda.org/conda-forge/noarch/qtconsole-4.7.7-pyh9f0ad1d_0.tar.bz2#8e117006c5c34029352c6b525c453361
https://conda.anaconda.org/conda-forge/noarch/widgetsnbextension-3.5.1-pyh9f0ad1d_3.tar.bz2#54a817def76d202564aefb53a4767328
https://conda.anaconda.org/conda-forge/noarch/ipywidgets-7.5.1-pyh9f0ad1d_1.tar.bz2#a7211644e1cf6a262c675635a78181f4
https://conda.anaconda.org/conda-forge/noarch/jupyter-1.0.0-py_2.tar.bz2#46b26993ed7c689863313a03ee39e5e3
https://conda.anaconda.org/conda-forge/osx-64/fatiando-0.5-py27h917ab60_4.tar.bz2#2215d8fca199f8bc3763e88691d49b80
